
Microsoft Visual Studio Solution File, Format Version 12.00
# Visual Studio Version 17
VisualStudioVersion = 17.5.002.0
MinimumVisualStudioVersion = 10.0.40219.1
Project("{9A19103F-16F7-4668-BE54-9A1E7A4F7556}") = "DesafioProjetoHospedagem", "DesafioProjetoHospedagem.csproj", "{D71D3702-8D8A-49A8-AEEC-FF01E8F0D407}"
EndProject
Global
	GlobalSection(SolutionConfigurationPlatforms) = preSolution
		Debug|Any CPU = Debug|Any CPU
		Release|Any CPU = Release|Any CPU
	EndGlobalSection
	GlobalSection(ProjectConfigurationPlatforms) = postSolution
		{D71D3702-8D8A-49A8-AEEC-FF01E8F0D407}.Debug|Any CPU.ActiveCfg = Debug|Any CPU
		{D71D3702-8D8A-49A8-AEEC-FF01E8F0D407}.Debug|Any CPU.Build.0 = Debug|Any CPU
		{D71D3702-8D8A-49A8-AEEC-FF01E8F0D407}.Release|Any CPU.ActiveCfg = Release|Any CPU
		{D71D3702-8D8A-49A8-AEEC-FF01E8F0D407}.Release|Any CPU.Build.0 = Release|Any CPU
	EndGlobalSection
	GlobalSection(SolutionProperties) = preSolution
		HideSolutionNode = FALSE
	EndGlobalSection
	GlobalSection(ExtensibilityGlobals) = postSolution
		SolutionGuid = {06C32D9C-76E1-497D-BAFF-B53BAD102A9E}
	EndGlobalSection
EndGlobal
